
Microsoft Visual Studio Solution File, Format Version 12.00
# Visual Studio Version 16
VisualStudioVersion = 16.0.29001.49
MinimumVisualStudioVersion = 10.0.40219.1
Project("{FAE04EC0-301F-11D3-BF4B-00C04F79EFBC}") = "EnglishRemember", "EnglishRemember\EnglishRemember.csproj", "{C88356AF-225C-4B00-B933-89B5A5B0BF26}"
EndProject
Global
	GlobalSection(SolutionConfigurationPlatforms) = preSolution
		Debug|Any CPU = Debug|Any CPU
		Release|Any CPU = Release|Any CPU
	EndGlobalSection
	GlobalSection(ProjectConfigurationPlatforms) = postSolution
		{C88356AF-225C-4B00-B933-89B5A5B0BF26}.Debug|Any CPU.ActiveCfg = Debug|Any CPU
		{C88356AF-225C-4B00-B933-89B5A5B0BF26}.Debug|Any CPU.Build.0 = Debug|Any CPU
		{C88356AF-225C-4B00-B933-89B5A5B0BF26}.Release|Any CPU.ActiveCfg = Release|Any CPU
		{C88356AF-225C-4B00-B933-89B5A5B0BF26}.Release|Any CPU.Build.0 = Release|Any CPU
	EndGlobalSection
	GlobalSection(SolutionProperties) = preSolution
		HideSolutionNode = FALSE
	EndGlobalSection
	GlobalSection(ExtensibilityGlobals) = postSolution
		SolutionGuid = {9444B900-6277-4787-9A24-7C9EE2184DED}
	EndGlobalSection
EndGlobal
